{
  "name": "reactportfolio",
  "lockfileVersion": 2,
  "requires": true,
  "packages": {
    "": {
      "dependencies": {
        "require": "^0.4.4"
      }
    },
    "node_modules/require": {
      "version": "0.4.9",
      "resolved": "https://registry.npmjs.org/require/-/require-0.4.9.tgz",
      "integrity": "sha1-nsw5XEH82E+xGJb0pLwxrsXmw6E=",
      "dependencies": {
        "uglify-js": "1.0.3"
      },
      "bin": {
        "require": "bin/require-command.js"
      },
      "engines": {
        "browsers": "*",
        "node": "*"
      }
    },
    "node_modules/uglify-js": {
      "version": "1.0.3",
      "resolved": "https://registry.npmjs.org/uglify-js/-/uglify-js-1.0.3.tgz",
      "integrity": "sha1-c8Twm87EfsXoZpyzfBG5W3AU+UU=",
      "bin": {
        "uglifyjs": "bin/uglifyjs"
      },
      "engines": {
        "node": "*"
      }
    }
  },
  "dependencies": {
    "require": {
      "version": "0.4.9",
      "resolved": "https://registry.npmjs.org/require/-/require-0.4.9.tgz",
      "integrity": "sha1-nsw5XEH82E+xGJb0pLwxrsXmw6E=",
      "requires": {
        "uglify-js": "1.0.3"
      }
    },
    "uglify-js": {
      "version": "1.0.3",
      "resolved": "https://registry.npmjs.org/uglify-js/-/uglify-js-1.0.3.tgz",
      "integrity": "sha1-c8Twm87EfsXoZpyzfBG5W3AU+UU="
    }
  }
}
